
Microsoft Visual Studio Solution File, Format Version 12.00
# Visual Studio Version 17
VisualStudioVersion = 17.5.33627.172
MinimumVisualStudioVersion = 10.0.40219.1
Project("{FAE04EC0-301F-11D3-BF4B-00C04F79EFBC}") = "eTickets", "eTickets\eTickets.csproj", "{8C01AF19-8F4D-4F42-8508-71C42F406817}"
EndProject
Global
	GlobalSection(SolutionConfigurationPlatforms) = preSolution
		Debug|Any CPU = Debug|Any CPU
		Release|Any CPU = Release|Any CPU
	EndGlobalSection
	GlobalSection(ProjectConfigurationPlatforms) = postSolution
		{8C01AF19-8F4D-4F42-8508-71C42F406817}.Debug|Any CPU.ActiveCfg = Debug|Any CPU
		{8C01AF19-8F4D-4F42-8508-71C42F406817}.Debug|Any CPU.Build.0 = Debug|Any CPU
		{8C01AF19-8F4D-4F42-8508-71C42F406817}.Release|Any CPU.ActiveCfg = Release|Any CPU
		{8C01AF19-8F4D-4F42-8508-71C42F406817}.Release|Any CPU.Build.0 = Release|Any CPU
	EndGlobalSection
	GlobalSection(SolutionProperties) = preSolution
		HideSolutionNode = FALSE
	EndGlobalSection
	GlobalSection(ExtensibilityGlobals) = postSolution
		SolutionGuid = {7382F821-88AF-4C1B-A4DA-ACB36A5A4A9E}
	EndGlobalSection
EndGlobal
